// !$*UTF8*$!
{
	archiveVersion = 1;
	classes = {
	};
	objectVersion = 46;
	objects = {

/* Begin PBXBuildFile section */
		F0F6C3091DEE187D0041458B /* AppDelegate.swift in Sources */ = {isa = PBXBuildFile; fileRef = F0F6C3081DEE187D0041458B /* AppDelegate.swift */; };
		F0F6C30B1DEE187D0041458B /* ViewController.swift in Sources */ = {isa = PBXBuildFile; fileRef = F0F6C30A1DEE187D0041458B /* ViewController.swift */; };
		F0F6C30E1DEE187D0041458B /* Main.storyboard in Resources */ = {isa = PBXBuildFile; fileRef = F0F6C30C1DEE187D0041458B /* Main.storyboard */; };
		F0F6C3101DEE187D0041458B /* Assets.xcassets in Resources */ = {isa = PBXBuildFile; fileRef = F0F6C30F1DEE187D0041458B /* Assets.xcassets */; };
		F0F6C3131DEE187D0041458B /* LaunchScreen.storyboard in Resources */ = {isa = PBXBuildFile; fileRef = F0F6C3111DEE187D0041458B /* LaunchScreen.storyboard */; };
/* End PBXBuildFile section */

/* Begin PBXFileReference section */
		F0F6C3051DEE187D0041458B /* AdrenalineSurvey.app */ = {isa = PBXFileReference; explicitFileType = wrapper.application; includeInIndex = 0; path = AdrenalineSurvey.app; sourceTree = BUILT_PRODUCTS_DIR; };
		F0F6C3081DEE187D0041458B /* AppDelegate.swift */ = {isa = PBXFileReference; lastKnownFileType = sourcecode.swift; path = AppDelegate.swift; sourceTree = "<group>"; };
		F0F6C30A1DEE187D0041458B /* ViewController.swift */ = {isa = PBXFileReference; lastKnownFileType = sourcecode.swift; path = ViewController.swift; sourceTree = "<group>"; };
		F0F6C30D1DEE187D0041458B /* Base */ = {isa = PBXFileReference; lastKnownFileType = file.storyboard; name = Base; path = Base.lproj/Main.storyboard; sourceTree = "<group>"; };
		F0F6C30F1DEE187D0041458B /* Assets.xcassets */ = {isa = PBXFileReference; lastKnownFileType = folder.assetcatalog; path = Assets.xcassets; sourceTree = "<group>"; };
		F0F6C3121DEE187D0041458B /* Base */ = {isa = PBXFileReference; lastKnownFileType = file.storyboard; name = Base; path = Base.lproj/LaunchScreen.storyboard; sourceTree = "<group>"; };
		F0F6C3141DEE187D0041458B /* Info.plist */ = {isa = PBXFileReference; lastKnownFileType = text.plist.xml; path = Info.plist; sourceTree = "<group>"; };
/* End PBXFileReference section */

/* Begin PBXFrameworksBuildPhase section */
		F0F6C3021DEE187D0041458B /* Frameworks */ = {
			isa = PBXFrameworksBuildPhase;
			buildActionMask = 2147483647;
			files = (
			);
			runOnlyForDeploymentPostprocessing = 0;
		};
/* End PBXFrameworksBuildPhase section */

/* Begin PBXGroup section */
		F0F6C2FC1DEE187D0041458B = {
			isa = PBXGroup;
			children = (
				F0F6C3071DEE187D0041458B /* AdrenalineSurvey */,
				F0F6C3061DEE187D0041458B /* Products */,
			);
			sourceTree = "<group>";
		};
		F0F6C3061DEE187D0041458B /* Products */ = {
			isa = PBXGroup;
			children = (
				F0F6C3051DEE187D0041458B /* AdrenalineSurvey.app */,
			);
			name = Products;
			sourceTree = "<group>";
		};
		F0F6C3071DEE187D0041458B /* AdrenalineSurvey */ = {
			isa = PBXGroup;
			children = (
				F0F6C3081DEE187D0041458B /* AppDelegate.swift */,
				F0F6C30A1DEE187D0041458B /* ViewController.swift */,
				F0F6C30C1DEE187D0041458B /* Main.storyboard */,
				F0F6C30F1DEE187D0041458B /* Assets.xcassets */,
				F0F6C3111DEE187D0041458B /* LaunchScreen.storyboard */,
				F0F6C3141DEE187D0041458B /* Info.plist */,
			);
			path = AdrenalineSurvey;
			sourceTree = "<group>";
		};
/* End PBXGroup section */

/* Begin PBXNativeTarget section */
		F0F6C3041DEE187D0041458B /* AdrenalineSurvey */ = {
			isa = PBXNativeTarget;
			buildConfigurationList = F0F6C3171DEE187D0041458B /* Build configuration list for PBXNativeTarget "AdrenalineSurvey" */;
			buildPhases = (
				F0F6C3011DEE187D0041458B /* Sources */,
				F0F6C3021DEE187D0041458B /* Frameworks */,
				F0F6C3031DEE187D0041458B /* Resources */,
			);
			buildRules = (
			);
			dependencies = (
			);
			name = AdrenalineSurvey;
			productName = AdrenalineSurvey;
			productReference = F0F6C3051DEE187D0041458B /* AdrenalineSurvey.app */;
			productType = "com.apple.product-type.application";
		};
/* End PBXNativeTarget section */

/* Begin PBXProject section */
		F0F6C2FD1DEE187D0041458B /* Project object */ = {
			isa = PBXProject;
			attributes = {
				LastSwiftUpdateCheck = 0810;
				LastUpgradeCheck = 0810;
				ORGANIZATIONNAME = "Adrenaline Inc";
				TargetAttributes = {
					F0F6C3041DEE187D0041458B = {
						CreatedOnToolsVersion = 8.1;
						DevelopmentTeam = 8SCC8M6QU6;
						ProvisioningStyle = Automatic;
					};
				};
			};
			buildConfigurationList = F0F6C3001DEE187D0041458B /* Build configuration list for PBXProject "AdrenalineSurvey" */;
			compatibilityVersion = "Xcode 3.2";
			developmentRegion = English;
			hasScannedForEncodings = 0;
			knownRegions = (
				en,
				Base,
			);
			mainGroup = F0F6C2FC1DEE187D0041458B;
			productRefGroup = F0F6C3061DEE187D0041458B /* Products */;
			projectDirPath = "";
			projectRoot = "";
			targets = (
				F0F6C3041DEE187D0041458B /* AdrenalineSurvey */,
			);
		};
/* End PBXProject section */

/* Begin PBXResourcesBuildPhase section */
		F0F6C3031DEE187D0041458B /* Resources */ = {
			isa = PBXResourcesBuildPhase;
			buildActionMask = 2147483647;
			files = (
				F0F6C3131DEE187D0041458B /* LaunchScreen.storyboard in Resources */,
				F0F6C3101DEE187D0041458B /* Assets.xcassets in Resources */,
				F0F6C30E1DEE187D0041458B /* Main.storyboard in Resources */,
			);
			runOnlyForDeploymentPostprocessing = 0;
		};
/* End PBXResourcesBuildPhase section */

/* Begin PBXSourcesBuildPhase section */
		F0F6C3011DEE187D0041458B /* Sources */ = {
			isa = PBXSourcesBuildPhase;
			buildActionMask = 2147483647;
			files = (
				F0F6C30B1DEE187D0041458B /* ViewController.swift in Sources */,
				F0F6C3091DEE187D0041458B /* AppDelegate.swift in Sources */,
			);
			runOnlyForDeploymentPostprocessing = 0;
		};
/* End PBXSourcesBuildPhase section */

/* Begin PBXVariantGroup section */
		F0F6C30C1DEE187D0041458B /* Main.storyboard */ = {
			isa = PBXVariantGroup;
			children = (
				F0F6C30D1DEE187D0041458B /* Base */,
			);
			name = Main.storyboard;
			sourceTree = "<group>";
		};
		F0F6C3111DEE187D0041458B /* LaunchScreen.storyboard */ = {
			isa = PBXVariantGroup;
			children = (
				F0F6C3121DEE187D0041458B /* Base */,
			);
			name = LaunchScreen.storyboard;
			sourceTree = "<group>";
		};
/* End PBXVariantGroup section */

/* Begin XCBuildConfiguration section */
		F0F6C3151DEE187D0041458B /* Debug */ = {
			isa = XCBuildConfiguration;
			buildSettings = {
				ALWAYS_SEARCH_USER_PATHS = NO;
				CLANG_ANALYZER_NONNULL = YES;
				CLANG_CXX_LANGUAGE_STANDARD = "gnu++0x";
				CLANG_CXX_LIBRARY = "libc++";
				CLANG_ENABLE_MODULES = YES;
				CLANG_ENABLE_OBJC_ARC = YES;
				CLANG_WARN_BOOL_CONVERSION = YES;
				CLANG_WARN_CONSTANT_CONVERSION = YES;
				CLANG_WARN_DIRECT_OBJC_ISA_USAGE = YES_ERROR;
				CLANG_WARN_DOCUMENTATION_COMMENTS = YES;
				CLANG_WARN_EMPTY_BODY = YES;
				CLANG_WARN_ENUM_CONVERSION = YES;
				CLANG_WARN_INFINITE_RECURSION = YES;
				CLANG_WARN_INT_CONVERSION = YES;
				CLANG_WARN_OBJC_ROOT_CLASS = YES_ERROR;
				CLANG_WARN_SUSPICIOUS_MOVES = YES;
				CLANG_WARN_UNREACHABLE_CODE = YES;
				CLANG_WARN__DUPLICATE_METHOD_MATCH = YES;
				"CODE_SIGN_IDENTITY[sdk=iphoneos*]" = "iPhone Developer";
				COPY_PHASE_STRIP = NO;
				DEBUG_INFORMATION_FORMAT = dwarf;
				ENABLE_STRICT_OBJC_MSGSEND = YES;
				ENABLE_TESTABILITY = YES;
				GCC_C_LANGUAGE_STANDARD = gnu99;
				GCC_DYNAMIC_NO_PIC = NO;
				GCC_NO_COMMON_BLOCKS = YES;
				GCC_OPTIMIZATION_LEVEL = 0;
				GCC_PREPROCESSOR_DEFINITIONS = (
					"DEBUG=1",
					"$(inherited)",
				);
				GCC_WARN_64_TO_32_BIT_CONVERSION = YES;
				GCC_WARN_ABOUT_RETURN_TYPE = YES_ERROR;
				GCC_WARN_UNDECLARED_SELECTOR = YES;
				GCC_WARN_UNINITIALIZED_AUTOS = YES_AGGRESSIVE;
				GCC_WARN_UNUSED_FUNCTION = YES;
				GCC_WARN_UNUSED_VARIABLE = YES;
				IPHONEOS_DEPLOYMENT_TARGET = 10.1;
				MTL_ENABLE_DEBUG_INFO = YES;
				ONLY_ACTIVE_ARCH = YES;
				SDKROOT = iphoneos;
				SWIFT_ACTIVE_COMPILATION_CONDITIONS = DEBUG;
				SWIFT_OPTIMIZATION_LEVEL = "-Onone";
				TARGETED_DEVICE_FAMILY = 2;
			};
			name = Debug;
		};
		F0F6C3161DEE187D0041458B /* Release */ = {
			isa = XCBuildConfiguration;
			buildSettings = {
				ALWAYS_SEARCH_USER_PATHS = NO;
				CLANG_ANALYZER_NONNULL = YES;
				CLANG_CXX_LANGUAGE_STANDARD = "gnu++0x";
				CLANG_CXX_LIBRARY = "libc++";
				CLANG_ENABLE_MODULES = YES;
				CLANG_ENABLE_OBJC_ARC = YES;
				CLANG_WARN_BOOL_CONVERSION = YES;
				CLANG_WARN_CONSTANT_CONVERSION = YES;
				CLANG_WARN_DIRECT_OBJC_ISA_USAGE = YES_ERROR;
				CLANG_WARN_DOCUMENTATION_COMMENTS = YES;
				CLANG_WARN_EMPTY_BODY = YES;
				CLANG_WARN_ENUM_CONVERSION = YES;
				CLANG_WARN_INFINITE_RECURSION = YES;
				CLANG_WARN_INT_CONVERSION = YES;
				CLANG_WARN_OBJC_ROOT_CLASS = YES_ERROR;
				CLANG_WARN_SUSPICIOUS_MOVES = YES;
				CLANG_WARN_UNREACHABLE_CODE = YES;
				CLANG_WARN__DUPLICATE_METHOD_MATCH = YES;
				"CODE_SIGN_IDENTITY[sdk=iphoneos*]" = "iPhone Developer";
				COPY_PHASE_STRIP = NO;
				DEBUG_INFORMATION_FORMAT = "dwarf-with-dsym";
				ENABLE_NS_ASSERTIONS = NO;
				ENABLE_STRICT_OBJC_MSGSEND = YES;
				GCC_C_LANGUAGE_STANDARD = gnu99;
				GCC_NO_COMMON_BLOCKS = YES;
				GCC_WARN_64_TO_32_BIT_CONVERSION = YES;
				GCC_WARN_ABOUT_RETURN_TYPE = YES_ERROR;
				GCC_WARN_UNDECLARED_SELECTOR = YES;
				GCC_WARN_UNINITIALIZED_AUTOS = YES_AGGRESSIVE;
				GCC_WARN_UNUSED_FUNCTION = YES;
				GCC_WARN_UNUSED_VARIABLE = YES;
				IPHONEOS_DEPLOYMENT_TARGET = 10.1;
				MTL_ENABLE_DEBUG_INFO = NO;
				SDKROOT = iphoneos;
				SWIFT_OPTIMIZATION_LEVEL = "-Owholemodule";
				TARGETED_DEVICE_FAMILY = 2;
				VALIDATE_PRODUCT = YES;
			};
			name = Release;
		};
		F0F6C3181DEE187D0041458B /* Debug */ = {
			isa = XCBuildConfiguration;
			buildSettings = {
				ASSETCATALOG_COMPILER_APPICON_NAME = AppIcon;
				DEVELOPMENT_TEAM = 8SCC8M6QU6;
				INFOPLIST_FILE = AdrenalineSurvey/Info.plist;
				LD_RUNPATH_SEARCH_PATHS = "$(inherited) @executable_path/Frameworks";
				PRODUCT_BUNDLE_IDENTIFIER = com.adrenaline.survey.AdrenalineSurvey;
				PRODUCT_NAME = "$(TARGET_NAME)";
				SWIFT_VERSION = 3.0;
			};
			name = Debug;
		};
		F0F6C3191DEE187D0041458B /* Release */ = {
			isa = XCBuildConfiguration;
			buildSettings = {
				ASSETCATALOG_COMPILER_APPICON_NAME = AppIcon;
				DEVELOPMENT_TEAM = 8SCC8M6QU6;
				INFOPLIST_FILE = AdrenalineSurvey/Info.plist;
				LD_RUNPATH_SEARCH_PATHS = "$(inherited) @executable_path/Frameworks";
				PRODUCT_BUNDLE_IDENTIFIER = com.adrenaline.survey.AdrenalineSurvey;
				PRODUCT_NAME = "$(TARGET_NAME)";
				SWIFT_VERSION = 3.0;
			};
			name = Release;
		};
/* End XCBuildConfiguration section */

/* Begin XCConfigurationList section */
		F0F6C3001DEE187D0041458B /* Build configuration list for PBXProject "AdrenalineSurvey" */ = {
			isa = XCConfigurationList;
			buildConfigurations = (
				F0F6C3151DEE187D0041458B /* Debug */,
				F0F6C3161DEE187D0041458B /* Release */,
			);
			defaultConfigurationIsVisible = 0;
			defaultConfigurationName = Release;
		};
		F0F6C3171DEE187D0041458B /* Build configuration list for PBXNativeTarget "AdrenalineSurvey" */ = {
			isa = XCConfigurationList;
			buildConfigurations = (
				F0F6C3181DEE187D0041458B /* Debug */,
				F0F6C3191DEE187D0041458B /* Release */,
			);
			defaultConfigurationIsVisible = 0;
		};
/* End XCConfigurationList section */
	};
	rootObject = F0F6C2FD1DEE187D0041458B /* Project object */;
}
